
Microsoft Visual Studio Solution File, Format Version 12.00
# Visual Studio Version 16
VisualStudioVersion = 16.0.30204.135
MinimumVisualStudioVersion = 10.0.40219.1
Project("{FAE04EC0-301F-11D3-BF4B-00C04F79EFBC}") = "MartianRobots", "MartianRobots\MartianRobots.csproj", "{3EDE091B-F910-44D7-9B97-7DF668DFFBBE}"
EndProject
Global
	GlobalSection(SolutionConfigurationPlatforms) = preSolution
		Debug|Any CPU = Debug|Any CPU
		Release|Any CPU = Release|Any CPU
	EndGlobalSection
	GlobalSection(ProjectConfigurationPlatforms) = postSolution
		{3EDE091B-F910-44D7-9B97-7DF668DFFBBE}.Debug|Any CPU.ActiveCfg = Debug|Any CPU
		{3EDE091B-F910-44D7-9B97-7DF668DFFBBE}.Debug|Any CPU.Build.0 = Debug|Any CPU
		{3EDE091B-F910-44D7-9B97-7DF668DFFBBE}.Release|Any CPU.ActiveCfg = Release|Any CPU
		{3EDE091B-F910-44D7-9B97-7DF668DFFBBE}.Release|Any CPU.Build.0 = Release|Any CPU
	EndGlobalSection
	GlobalSection(SolutionProperties) = preSolution
		HideSolutionNode = FALSE
	EndGlobalSection
	GlobalSection(ExtensibilityGlobals) = postSolution
		SolutionGuid = {38671AB5-2776-49C8-A5C7-23343C209DA3}
	EndGlobalSection
EndGlobal
